// !$*UTF8*$!
{
	archiveVersion = 1;
	classes = {
	};
	objectVersion = 46;
	objects = {

/* Begin PBXBuildFile section */
		800BA1AE18CD4AEA0031E651 /* libEstimoteSDK.a in Frameworks */ = {isa = PBXBuildFile; fileRef = 800BA1AD18CD4AEA0031E651 /* libEstimoteSDK.a */; };
		800BA1B018CD4B160031E651 /* CoreLocation.framework in Frameworks */ = {isa = PBXBuildFile; fileRef = 800BA1AF18CD4B160031E651 /* CoreLocation.framework */; };
		800BA1B218CD4B1A0031E651 /* CoreBluetooth.framework in Frameworks */ = {isa = PBXBuildFile; fileRef = 800BA1B118CD4B1A0031E651 /* CoreBluetooth.framework */; };
		800BA1B418CD4B220031E651 /* SystemConfiguration.framework in Frameworks */ = {isa = PBXBuildFile; fileRef = 800BA1B318CD4B220031E651 /* SystemConfiguration.framework */; };
		800BA1E718CE98E00031E651 /* BeaconTableDelegate.m in Sources */ = {isa = PBXBuildFile; fileRef = 800BA1E618CE98E00031E651 /* BeaconTableDelegate.m */; };
		808604AE18CD309F00ABA33B /* Foundation.framework in Frameworks */ = {isa = PBXBuildFile; fileRef = 808604AD18CD309F00ABA33B /* Foundation.framework */; };
		808604B018CD309F00ABA33B /* CoreGraphics.framework in Frameworks */ = {isa = PBXBuildFile; fileRef = 808604AF18CD309F00ABA33B /* CoreGraphics.framework */; };
		808604B218CD309F00ABA33B /* UIKit.framework in Frameworks */ = {isa = PBXBuildFile; fileRef = 808604B118CD309F00ABA33B /* UIKit.framework */; };
		808604B818CD309F00ABA33B /* InfoPlist.strings in Resources */ = {isa = PBXBuildFile; fileRef = 808604B618CD309F00ABA33B /* InfoPlist.strings */; };
		808604BA18CD309F00ABA33B /* main.m in Sources */ = {isa = PBXBuildFile; fileRef = 808604B918CD309F00ABA33B /* main.m */; };
		808604BE18CD309F00ABA33B /* AppDelegate.m in Sources */ = {isa = PBXBuildFile; fileRef = 808604BD18CD309F00ABA33B /* AppDelegate.m */; };
		808604C118CD309F00ABA33B /* Main.storyboard in Resources */ = {isa = PBXBuildFile; fileRef = 808604BF18CD309F00ABA33B /* Main.storyboard */; };
		808604C418CD309F00ABA33B /* HomeViewController.m in Sources */ = {isa = PBXBuildFile; fileRef = 808604C318CD309F00ABA33B /* HomeViewController.m */; };
		808604C618CD309F00ABA33B /* Images.xcassets in Resources */ = {isa = PBXBuildFile; fileRef = 808604C518CD309F00ABA33B /* Images.xcassets */; };
		808604CD18CD309F00ABA33B /* XCTest.framework in Frameworks */ = {isa = PBXBuildFile; fileRef = 808604CC18CD309F00ABA33B /* XCTest.framework */; };
		808604CE18CD309F00ABA33B /* Foundation.framework in Frameworks */ = {isa = PBXBuildFile; fileRef = 808604AD18CD309F00ABA33B /* Foundation.framework */; };
		808604CF18CD309F00ABA33B /* UIKit.framework in Frameworks */ = {isa = PBXBuildFile; fileRef = 808604B118CD309F00ABA33B /* UIKit.framework */; };
		808604D718CD309F00ABA33B /* InfoPlist.strings in Resources */ = {isa = PBXBuildFile; fileRef = 808604D518CD309F00ABA33B /* InfoPlist.strings */; };
		808604D918CD309F00ABA33B /* BeakTests.m in Sources */ = {isa = PBXBuildFile; fileRef = 808604D818CD309F00ABA33B /* BeakTests.m */; };
		808604E418CD31A500ABA33B /* BeaconManager.m in Sources */ = {isa = PBXBuildFile; fileRef = 808604E318CD31A500ABA33B /* BeaconManager.m */; };
		BFC108D02E704E8F88EF5B6A /* libPods.a in Frameworks */ = {isa = PBXBuildFile; fileRef = 1C4AA03E3597450FB4B29218 /* libPods.a */; };
/* End PBXBuildFile section */

/* Begin PBXContainerItemProxy section */
		808604D018CD309F00ABA33B /* PBXContainerItemProxy */ = {
			isa = PBXContainerItemProxy;
			containerPortal = 808604A218CD309F00ABA33B /* Project object */;
			proxyType = 1;
			remoteGlobalIDString = 808604A918CD309F00ABA33B;
			remoteInfo = Beak;
		};
/* End PBXContainerItemProxy section */

/* Begin PBXFileReference section */
		1BBDE11D3A254A82AC05ACCE /* Pods.xcconfig */ = {isa = PBXFileReference; includeInIndex = 1; lastKnownFileType = text.xcconfig; name = Pods.xcconfig; path = Pods/Pods.xcconfig; sourceTree = "<group>"; };
		1C4AA03E3597450FB4B29218 /* libPods.a */ = {isa = PBXFileReference; explicitFileType = archive.ar; includeInIndex = 0; path = libPods.a; sourceTree = BUILT_PRODUCTS_DIR; };
		800BA1A818CD4AEA0031E651 /* ESTBeacon.h */ = {isa = PBXFileReference; fileEncoding = 4; lastKnownFileType = sourcecode.c.h; path = ESTBeacon.h; sourceTree = "<group>"; };
		800BA1A918CD4AEA0031E651 /* ESTBeaconDefinitions.h */ = {isa = PBXFileReference; fileEncoding = 4; lastKnownFileType = sourcecode.c.h; path = ESTBeaconDefinitions.h; sourceTree = "<group>"; };
		800BA1AA18CD4AEA0031E651 /* ESTBeaconManager.h */ = {isa = PBXFileReference; fileEncoding = 4; lastKnownFileType = sourcecode.c.h; path = ESTBeaconManager.h; sourceTree = "<group>"; };
		800BA1AB18CD4AEA0031E651 /* ESTBeaconRegion.h */ = {isa = PBXFileReference; fileEncoding = 4; lastKnownFileType = sourcecode.c.h; path = ESTBeaconRegion.h; sourceTree = "<group>"; };
		800BA1AC18CD4AEA0031E651 /* ESTBeaconUpdateInfo.h */ = {isa = PBXFileReference; fileEncoding = 4; lastKnownFileType = sourcecode.c.h; path = ESTBeaconUpdateInfo.h; sourceTree = "<group>"; };
		800BA1AD18CD4AEA0031E651 /* libEstimoteSDK.a */ = {isa = PBXFileReference; lastKnownFileType = archive.ar; path = libEstimoteSDK.a; sourceTree = "<group>"; };
		800BA1AF18CD4B160031E651 /* CoreLocation.framework */ = {isa = PBXFileReference; lastKnownFileType = wrapper.framework; name = CoreLocation.framework; path = System/Library/Frameworks/CoreLocation.framework; sourceTree = SDKROOT; };
		800BA1B118CD4B1A0031E651 /* CoreBluetooth.framework */ = {isa = PBXFileReference; lastKnownFileType = wrapper.framework; name = CoreBluetooth.framework; path = System/Library/Frameworks/CoreBluetooth.framework; sourceTree = SDKROOT; };
		800BA1B318CD4B220031E651 /* SystemConfiguration.framework */ = {isa = PBXFileReference; lastKnownFileType = wrapper.framework; name = SystemConfiguration.framework; path = System/Library/Frameworks/SystemConfiguration.framework; sourceTree = SDKROOT; };
		800BA1E518CE98E00031E651 /* BeaconTableDelegate.h */ = {isa = PBXFileReference; fileEncoding = 4; lastKnownFileType = sourcecode.c.h; path = BeaconTableDelegate.h; sourceTree = "<group>"; };
		800BA1E618CE98E00031E651 /* BeaconTableDelegate.m */ = {isa = PBXFileReference; fileEncoding = 4; lastKnownFileType = sourcecode.c.objc; path = BeaconTableDelegate.m; sourceTree = "<group>"; };
		808604AA18CD309F00ABA33B /* Beak.app */ = {isa = PBXFileReference; explicitFileType = wrapper.application; includeInIndex = 0; path = Beak.app; sourceTree = BUILT_PRODUCTS_DIR; };
		808604AD18CD309F00ABA33B /* Foundation.framework */ = {isa = PBXFileReference; lastKnownFileType = wrapper.framework; name = Foundation.framework; path = System/Library/Frameworks/Foundation.framework; sourceTree = SDKROOT; };
		808604AF18CD309F00ABA33B /* CoreGraphics.framework */ = {isa = PBXFileReference; lastKnownFileType = wrapper.framework; name = CoreGraphics.framework; path = System/Library/Frameworks/CoreGraphics.framework; sourceTree = SDKROOT; };
		808604B118CD309F00ABA33B /* UIKit.framework */ = {isa = PBXFileReference; lastKnownFileType = wrapper.framework; name = UIKit.framework; path = System/Library/Frameworks/UIKit.framework; sourceTree = SDKROOT; };
		808604B518CD309F00ABA33B /* Beak-Info.plist */ = {isa = PBXFileReference; lastKnownFileType = text.plist.xml; path = "Beak-Info.plist"; sourceTree = "<group>"; };
		808604B718CD309F00ABA33B /* en */ = {isa = PBXFileReference; lastKnownFileType = text.plist.strings; name = en; path = en.lproj/InfoPlist.strings; sourceTree = "<group>"; };
		808604B918CD309F00ABA33B /* main.m */ = {isa = PBXFileReference; lastKnownFileType = sourcecode.c.objc; path = main.m; sourceTree = "<group>"; };
		808604BB18CD309F00ABA33B /* Beak-Prefix.pch */ = {isa = PBXFileReference; lastKnownFileType = sourcecode.c.h; path = "Beak-Prefix.pch"; sourceTree = "<group>"; };
		808604BC18CD309F00ABA33B /* AppDelegate.h */ = {isa = PBXFileReference; lastKnownFileType = sourcecode.c.h; path = AppDelegate.h; sourceTree = "<group>"; };
		808604BD18CD309F00ABA33B /* AppDelegate.m */ = {isa = PBXFileReference; lastKnownFileType = sourcecode.c.objc; path = AppDelegate.m; sourceTree = "<group>"; };
		808604C018CD309F00ABA33B /* Base */ = {isa = PBXFileReference; lastKnownFileType = file.storyboard; name = Base; path = Base.lproj/Main.storyboard; sourceTree = "<group>"; };
		808604C218CD309F00ABA33B /* HomeViewController.h */ = {isa = PBXFileReference; lastKnownFileType = sourcecode.c.h; path = HomeViewController.h; sourceTree = "<group>"; };
		808604C318CD309F00ABA33B /* HomeViewController.m */ = {isa = PBXFileReference; lastKnownFileType = sourcecode.c.objc; path = HomeViewController.m; sourceTree = "<group>"; };
		808604C518CD309F00ABA33B /* Images.xcassets */ = {isa = PBXFileReference; lastKnownFileType = folder.assetcatalog; path = Images.xcassets; sourceTree = "<group>"; };
		808604CB18CD309F00ABA33B /* BeakTests.xctest */ = {isa = PBXFileReference; explicitFileType = wrapper.cfbundle; includeInIndex = 0; path = BeakTests.xctest; sourceTree = BUILT_PRODUCTS_DIR; };
		808604CC18CD309F00ABA33B /* XCTest.framework */ = {isa = PBXFileReference; lastKnownFileType = wrapper.framework; name = XCTest.framework; path = Library/Frameworks/XCTest.framework; sourceTree = DEVELOPER_DIR; };
		808604D418CD309F00ABA33B /* BeakTests-Info.plist */ = {isa = PBXFileReference; lastKnownFileType = text.plist.xml; path = "BeakTests-Info.plist"; sourceTree = "<group>"; };
		808604D618CD309F00ABA33B /* en */ = {isa = PBXFileReference; lastKnownFileType = text.plist.strings; name = en; path = en.lproj/InfoPlist.strings; sourceTree = "<group>"; };
		808604D818CD309F00ABA33B /* BeakTests.m */ = {isa = PBXFileReference; lastKnownFileType = sourcecode.c.objc; path = BeakTests.m; sourceTree = "<group>"; };
		808604E218CD31A500ABA33B /* BeaconManager.h */ = {isa = PBXFileReference; fileEncoding = 4; lastKnownFileType = sourcecode.c.h; path = BeaconManager.h; sourceTree = "<group>"; };
		808604E318CD31A500ABA33B /* BeaconManager.m */ = {isa = PBXFileReference; fileEncoding = 4; lastKnownFileType = sourcecode.c.objc; path = BeaconManager.m; sourceTree = "<group>"; };
/* End PBXFileReference section */

/* Begin PBXFrameworksBuildPhase section */
		808604A718CD309F00ABA33B /* Frameworks */ = {
			isa = PBXFrameworksBuildPhase;
			buildActionMask = 2147483647;
			files = (
				800BA1B418CD4B220031E651 /* SystemConfiguration.framework in Frameworks */,
				800BA1B218CD4B1A0031E651 /* CoreBluetooth.framework in Frameworks */,
				800BA1B018CD4B160031E651 /* CoreLocation.framework in Frameworks */,
				808604B018CD309F00ABA33B /* CoreGraphics.framework in Frameworks */,
				808604B218CD309F00ABA33B /* UIKit.framework in Frameworks */,
				808604AE18CD309F00ABA33B /* Foundation.framework in Frameworks */,
				BFC108D02E704E8F88EF5B6A /* libPods.a in Frameworks */,
				800BA1AE18CD4AEA0031E651 /* libEstimoteSDK.a in Frameworks */,
			);
			runOnlyForDeploymentPostprocessing = 0;
		};
		808604C818CD309F00ABA33B /* Frameworks */ = {
			isa = PBXFrameworksBuildPhase;
			buildActionMask = 2147483647;
			files = (
				808604CD18CD309F00ABA33B /* XCTest.framework in Frameworks */,
				808604CF18CD309F00ABA33B /* UIKit.framework in Frameworks */,
				808604CE18CD309F00ABA33B /* Foundation.framework in Frameworks */,
			);
			runOnlyForDeploymentPostprocessing = 0;
		};
/* End PBXFrameworksBuildPhase section */

/* Begin PBXGroup section */
		800BA1A618CD4AEA0031E651 /* EstimoteSDK */ = {
			isa = PBXGroup;
			children = (
				800BA1A718CD4AEA0031E651 /* Headers */,
				800BA1AD18CD4AEA0031E651 /* libEstimoteSDK.a */,
			);
			name = EstimoteSDK;
			path = ../EstimoteSDK;
			sourceTree = "<group>";
		};
		800BA1A718CD4AEA0031E651 /* Headers */ = {
			isa = PBXGroup;
			children = (
				800BA1A818CD4AEA0031E651 /* ESTBeacon.h */,
				800BA1A918CD4AEA0031E651 /* ESTBeaconDefinitions.h */,
				800BA1AA18CD4AEA0031E651 /* ESTBeaconManager.h */,
				800BA1AB18CD4AEA0031E651 /* ESTBeaconRegion.h */,
				800BA1AC18CD4AEA0031E651 /* ESTBeaconUpdateInfo.h */,
			);
			path = Headers;
			sourceTree = "<group>";
		};
		808604A118CD309F00ABA33B = {
			isa = PBXGroup;
			children = (
				808604B318CD309F00ABA33B /* Beak */,
				808604D218CD309F00ABA33B /* BeakTests */,
				808604AC18CD309F00ABA33B /* Frameworks */,
				808604AB18CD309F00ABA33B /* Products */,
				1BBDE11D3A254A82AC05ACCE /* Pods.xcconfig */,
			);
			sourceTree = "<group>";
		};
		808604AB18CD309F00ABA33B /* Products */ = {
			isa = PBXGroup;
			children = (
				808604AA18CD309F00ABA33B /* Beak.app */,
				808604CB18CD309F00ABA33B /* BeakTests.xctest */,
			);
			name = Products;
			sourceTree = "<group>";
		};
		808604AC18CD309F00ABA33B /* Frameworks */ = {
			isa = PBXGroup;
			children = (
				800BA1B318CD4B220031E651 /* SystemConfiguration.framework */,
				800BA1B118CD4B1A0031E651 /* CoreBluetooth.framework */,
				800BA1AF18CD4B160031E651 /* CoreLocation.framework */,
				808604AD18CD309F00ABA33B /* Foundation.framework */,
				808604AF18CD309F00ABA33B /* CoreGraphics.framework */,
				808604B118CD309F00ABA33B /* UIKit.framework */,
				808604CC18CD309F00ABA33B /* XCTest.framework */,
				1C4AA03E3597450FB4B29218 /* libPods.a */,
			);
			name = Frameworks;
			sourceTree = "<group>";
		};
		808604B318CD309F00ABA33B /* Beak */ = {
			isa = PBXGroup;
			children = (
				800BA1A618CD4AEA0031E651 /* EstimoteSDK */,
				808604BC18CD309F00ABA33B /* AppDelegate.h */,
				808604BD18CD309F00ABA33B /* AppDelegate.m */,
				808604BF18CD309F00ABA33B /* Main.storyboard */,
				808604C218CD309F00ABA33B /* HomeViewController.h */,
				808604C318CD309F00ABA33B /* HomeViewController.m */,
				808604E218CD31A500ABA33B /* BeaconManager.h */,
				808604E318CD31A500ABA33B /* BeaconManager.m */,
				800BA1E518CE98E00031E651 /* BeaconTableDelegate.h */,
				800BA1E618CE98E00031E651 /* BeaconTableDelegate.m */,
				808604C518CD309F00ABA33B /* Images.xcassets */,
				808604B418CD309F00ABA33B /* Supporting Files */,
			);
			path = Beak;
			sourceTree = "<group>";
		};
		808604B418CD309F00ABA33B /* Supporting Files */ = {
			isa = PBXGroup;
			children = (
				808604B518CD309F00ABA33B /* Beak-Info.plist */,
				808604B618CD309F00ABA33B /* InfoPlist.strings */,
				808604B918CD309F00ABA33B /* main.m */,
				808604BB18CD309F00ABA33B /* Beak-Prefix.pch */,
			);
			name = "Supporting Files";
			sourceTree = "<group>";
		};
		808604D218CD309F00ABA33B /* BeakTests */ = {
			isa = PBXGroup;
			children = (
				808604D818CD309F00ABA33B /* BeakTests.m */,
				808604D318CD309F00ABA33B /* Supporting Files */,
			);
			path = BeakTests;
			sourceTree = "<group>";
		};
		808604D318CD309F00ABA33B /* Supporting Files */ = {
			isa = PBXGroup;
			children = (
				808604D418CD309F00ABA33B /* BeakTests-Info.plist */,
				808604D518CD309F00ABA33B /* InfoPlist.strings */,
			);
			name = "Supporting Files";
			sourceTree = "<group>";
		};
/* End PBXGroup section */

/* Begin PBXNativeTarget section */
		808604A918CD309F00ABA33B /* Beak */ = {
			isa = PBXNativeTarget;
			buildConfigurationList = 808604DC18CD309F00ABA33B /* Build configuration list for PBXNativeTarget "Beak" */;
			buildPhases = (
				0B587E5699E94478B570B0E4 /* Check Pods Manifest.lock */,
				808604A618CD309F00ABA33B /* Sources */,
				808604A718CD309F00ABA33B /* Frameworks */,
				808604A818CD309F00ABA33B /* Resources */,
				FC8A7AEEEA65474BAEDF2D18 /* Copy Pods Resources */,
			);
			buildRules = (
			);
			dependencies = (
			);
			name = Beak;
			productName = Beak;
			productReference = 808604AA18CD309F00ABA33B /* Beak.app */;
			productType = "com.apple.product-type.application";
		};
		808604CA18CD309F00ABA33B /* BeakTests */ = {
			isa = PBXNativeTarget;
			buildConfigurationList = 808604DF18CD309F00ABA33B /* Build configuration list for PBXNativeTarget "BeakTests" */;
			buildPhases = (
				808604C718CD309F00ABA33B /* Sources */,
				808604C818CD309F00ABA33B /* Frameworks */,
				808604C918CD309F00ABA33B /* Resources */,
			);
			buildRules = (
			);
			dependencies = (
				808604D118CD309F00ABA33B /* PBXTargetDependency */,
			);
			name = BeakTests;
			productName = BeakTests;
			productReference = 808604CB18CD309F00ABA33B /* BeakTests.xctest */;
			productType = "com.apple.product-type.bundle.unit-test";
		};
/* End PBXNativeTarget section */

/* Begin PBXProject section */
		808604A218CD309F00ABA33B /* Project object */ = {
			isa = PBXProject;
			attributes = {
				LastUpgradeCheck = 0500;
				ORGANIZATIONNAME = Josh;
				TargetAttributes = {
					808604CA18CD309F00ABA33B = {
						TestTargetID = 808604A918CD309F00ABA33B;
					};
				};
			};
			buildConfigurationList = 808604A518CD309F00ABA33B /* Build configuration list for PBXProject "Beak" */;
			compatibilityVersion = "Xcode 3.2";
			developmentRegion = English;
			hasScannedForEncodings = 0;
			knownRegions = (
				en,
				Base,
			);
			mainGroup = 808604A118CD309F00ABA33B;
			productRefGroup = 808604AB18CD309F00ABA33B /* Products */;
			projectDirPath = "";
			projectRoot = "";
			targets = (
				808604A918CD309F00ABA33B /* Beak */,
				808604CA18CD309F00ABA33B /* BeakTests */,
			);
		};
/* End PBXProject section */

/* Begin PBXResourcesBuildPhase section */
		808604A818CD309F00ABA33B /* Resources */ = {
			isa = PBXResourcesBuildPhase;
			buildActionMask = 2147483647;
			files = (
				808604C618CD309F00ABA33B /* Images.xcassets in Resources */,
				808604B818CD309F00ABA33B /* InfoPlist.strings in Resources */,
				808604C118CD309F00ABA33B /* Main.storyboard in Resources */,
			);
			runOnlyForDeploymentPostprocessing = 0;
		};
		808604C918CD309F00ABA33B /* Resources */ = {
			isa = PBXResourcesBuildPhase;
			buildActionMask = 2147483647;
			files = (
				808604D718CD309F00ABA33B /* InfoPlist.strings in Resources */,
			);
			runOnlyForDeploymentPostprocessing = 0;
		};
/* End PBXResourcesBuildPhase section */

/* Begin PBXShellScriptBuildPhase section */
		0B587E5699E94478B570B0E4 /* Check Pods Manifest.lock */ = {
			isa = PBXShellScriptBuildPhase;
			buildActionMask = 2147483647;
			files = (
			);
			inputPaths = (
			);
			name = "Check Pods Manifest.lock";
			outputPaths = (
			);
			runOnlyForDeploymentPostprocessing = 0;
			shellPath = /bin/sh;
			shellScript = "diff \"${PODS_ROOT}/../Podfile.lock\" \"${PODS_ROOT}/Manifest.lock\" > /dev/null\nif [[ $? != 0 ]] ; then\n    cat << EOM\nerror: The sandbox is not in sync with the Podfile.lock. Run 'pod install' or update your CocoaPods installation.\nEOM\n    exit 1\nfi\n";
			showEnvVarsInLog = 0;
		};
		FC8A7AEEEA65474BAEDF2D18 /* Copy Pods Resources */ = {
			isa = PBXShellScriptBuildPhase;
			buildActionMask = 2147483647;
			files = (
			);
			inputPaths = (
			);
			name = "Copy Pods Resources";
			outputPaths = (
			);
			runOnlyForDeploymentPostprocessing = 0;
			shellPath = /bin/sh;
			shellScript = "\"${SRCROOT}/Pods/Pods-resources.sh\"\n";
			showEnvVarsInLog = 0;
		};
/* End PBXShellScriptBuildPhase section */

/* Begin PBXSourcesBuildPhase section */
		808604A618CD309F00ABA33B /* Sources */ = {
			isa = PBXSourcesBuildPhase;
			buildActionMask = 2147483647;
			files = (
				808604C418CD309F00ABA33B /* HomeViewController.m in Sources */,
				808604E418CD31A500ABA33B /* BeaconManager.m in Sources */,
				808604BE18CD309F00ABA33B /* AppDelegate.m in Sources */,
				800BA1E718CE98E00031E651 /* BeaconTableDelegate.m in Sources */,
				808604BA18CD309F00ABA33B /* main.m in Sources */,
			);
			runOnlyForDeploymentPostprocessing = 0;
		};
		808604C718CD309F00ABA33B /* Sources */ = {
			isa = PBXSourcesBuildPhase;
			buildActionMask = 2147483647;
			files = (
				808604D918CD309F00ABA33B /* BeakTests.m in Sources */,
			);
			runOnlyForDeploymentPostprocessing = 0;
		};
/* End PBXSourcesBuildPhase section */

/* Begin PBXTargetDependency section */
		808604D118CD309F00ABA33B /* PBXTargetDependency */ = {
			isa = PBXTargetDependency;
			target = 808604A918CD309F00ABA33B /* Beak */;
			targetProxy = 808604D018CD309F00ABA33B /* PBXContainerItemProxy */;
		};
/* End PBXTargetDependency section */

/* Begin PBXVariantGroup section */
		808604B618CD309F00ABA33B /* InfoPlist.strings */ = {
			isa = PBXVariantGroup;
			children = (
				808604B718CD309F00ABA33B /* en */,
			);
			name = InfoPlist.strings;
			sourceTree = "<group>";
		};
		808604BF18CD309F00ABA33B /* Main.storyboard */ = {
			isa = PBXVariantGroup;
			children = (
				808604C018CD309F00ABA33B /* Base */,
			);
			name = Main.storyboard;
			sourceTree = "<group>";
		};
		808604D518CD309F00ABA33B /* InfoPlist.strings */ = {
			isa = PBXVariantGroup;
			children = (
				808604D618CD309F00ABA33B /* en */,
			);
			name = InfoPlist.strings;
			sourceTree = "<group>";
		};
/* End PBXVariantGroup section */

/* Begin XCBuildConfiguration section */
		808604DA18CD309F00ABA33B /* Debug */ = {
			isa = XCBuildConfiguration;
			buildSettings = {
				ALWAYS_SEARCH_USER_PATHS = NO;
				ARCHS = "$(ARCHS_STANDARD_INCLUDING_64_BIT)";
				CLANG_CXX_LANGUAGE_STANDARD = "gnu++0x";
				CLANG_CXX_LIBRARY = "libc++";
				CLANG_ENABLE_MODULES = YES;
				CLANG_ENABLE_OBJC_ARC = YES;
				CLANG_WARN_BOOL_CONVERSION = YES;
				CLANG_WARN_CONSTANT_CONVERSION = YES;
				CLANG_WARN_DIRECT_OBJC_ISA_USAGE = YES_ERROR;
				CLANG_WARN_EMPTY_BODY = YES;
				CLANG_WARN_ENUM_CONVERSION = YES;
				CLANG_WARN_INT_CONVERSION = YES;
				CLANG_WARN_OBJC_ROOT_CLASS = YES_ERROR;
				CLANG_WARN__DUPLICATE_METHOD_MATCH = YES;
				"CODE_SIGN_IDENTITY[sdk=iphoneos*]" = "iPhone Developer";
				COPY_PHASE_STRIP = NO;
				GCC_C_LANGUAGE_STANDARD = gnu99;
				GCC_DYNAMIC_NO_PIC = NO;
				GCC_OPTIMIZATION_LEVEL = 0;
				GCC_PREPROCESSOR_DEFINITIONS = (
					"DEBUG=1",
					"$(inherited)",
				);
				GCC_SYMBOLS_PRIVATE_EXTERN = NO;
				GCC_WARN_64_TO_32_BIT_CONVERSION = YES;
				GCC_WARN_ABOUT_RETURN_TYPE = YES_ERROR;
				GCC_WARN_UNDECLARED_SELECTOR = YES;
				GCC_WARN_UNINITIALIZED_AUTOS = YES;
				GCC_WARN_UNUSED_FUNCTION = YES;
				GCC_WARN_UNUSED_VARIABLE = YES;
				IPHONEOS_DEPLOYMENT_TARGET = 7.0;
				ONLY_ACTIVE_ARCH = YES;
				SDKROOT = iphoneos;
			};
			name = Debug;
		};
		808604DB18CD309F00ABA33B /* Release */ = {
			isa = XCBuildConfiguration;
			buildSettings = {
				ALWAYS_SEARCH_USER_PATHS = NO;
				ARCHS = "$(ARCHS_STANDARD_INCLUDING_64_BIT)";
				CLANG_CXX_LANGUAGE_STANDARD = "gnu++0x";
				CLANG_CXX_LIBRARY = "libc++";
				CLANG_ENABLE_MODULES = YES;
				CLANG_ENABLE_OBJC_ARC = YES;
				CLANG_WARN_BOOL_CONVERSION = YES;
				CLANG_WARN_CONSTANT_CONVERSION = YES;
				CLANG_WARN_DIRECT_OBJC_ISA_USAGE = YES_ERROR;
				CLANG_WARN_EMPTY_BODY = YES;
				CLANG_WARN_ENUM_CONVERSION = YES;
				CLANG_WARN_INT_CONVERSION = YES;
				CLANG_WARN_OBJC_ROOT_CLASS = YES_ERROR;
				CLANG_WARN__DUPLICATE_METHOD_MATCH = YES;
				"CODE_SIGN_IDENTITY[sdk=iphoneos*]" = "iPhone Developer";
				COPY_PHASE_STRIP = YES;
				ENABLE_NS_ASSERTIONS = NO;
				GCC_C_LANGUAGE_STANDARD = gnu99;
				GCC_WARN_64_TO_32_BIT_CONVERSION = YES;
				GCC_WARN_ABOUT_RETURN_TYPE = YES_ERROR;
				GCC_WARN_UNDECLARED_SELECTOR = YES;
				GCC_WARN_UNINITIALIZED_AUTOS = YES;
				GCC_WARN_UNUSED_FUNCTION = YES;
				GCC_WARN_UNUSED_VARIABLE = YES;
				IPHONEOS_DEPLOYMENT_TARGET = 7.0;
				SDKROOT = iphoneos;
				VALIDATE_PRODUCT = YES;
			};
			name = Release;
		};
		808604DD18CD309F00ABA33B /* Debug */ = {
			isa = XCBuildConfiguration;
			baseConfigurationReference = 1BBDE11D3A254A82AC05ACCE /* Pods.xcconfig */;
			buildSettings = {
				ASSETCATALOG_COMPILER_APPICON_NAME = AppIcon;
				ASSETCATALOG_COMPILER_LAUNCHIMAGE_NAME = LaunchImage;
				GCC_PRECOMPILE_PREFIX_HEADER = YES;
				GCC_PREFIX_HEADER = "Beak/Beak-Prefix.pch";
				HEADER_SEARCH_PATHS = (
					"\"${PODS_ROOT}/Headers\"",
					"\"${PODS_ROOT}/Headers/Facebook-iOS-SDK\"",
					"\"${PODS_ROOT}/Headers/Facebook-iOS-SDK/FacebookSDK\"",
					"\"${PODS_ROOT}/Headers/Parse-iOS-SDK\"",
					"\"$(SRCROOT)/EstimoteSDK/Headers\"",
				);
				INFOPLIST_FILE = "Beak/Beak-Info.plist";
				LIBRARY_SEARCH_PATHS = (
					"$(inherited)",
					"\"$(SRCROOT)/EstimoteSDK\"",
				);
				PRODUCT_NAME = "$(TARGET_NAME)";
				WRAPPER_EXTENSION = app;
			};
			name = Debug;
		};
		808604DE18CD309F00ABA33B /* Release */ = {
			isa = XCBuildConfiguration;
			baseConfigurationReference = 1BBDE11D3A254A82AC05ACCE /* Pods.xcconfig */;
			buildSettings = {
				ASSETCATALOG_COMPILER_APPICON_NAME = AppIcon;
				ASSETCATALOG_COMPILER_LAUNCHIMAGE_NAME = LaunchImage;
				GCC_PRECOMPILE_PREFIX_HEADER = YES;
				GCC_PREFIX_HEADER = "Beak/Beak-Prefix.pch";
				HEADER_SEARCH_PATHS = (
					"\"${PODS_ROOT}/Headers\"",
					"\"${PODS_ROOT}/Headers/Facebook-iOS-SDK\"",
					"\"${PODS_ROOT}/Headers/Facebook-iOS-SDK/FacebookSDK\"",
					"\"${PODS_ROOT}/Headers/Parse-iOS-SDK\"",
					"\"$(SRCROOT)/EstimoteSDK/Headers\"",
				);
				INFOPLIST_FILE = "Beak/Beak-Info.plist";
				LIBRARY_SEARCH_PATHS = (
					"$(inherited)",
					"\"$(SRCROOT)/EstimoteSDK\"",
				);
				PRODUCT_NAME = "$(TARGET_NAME)";
				WRAPPER_EXTENSION = app;
			};
			name = Release;
		};
		808604E018CD309F00ABA33B /* Debug */ = {
			isa = XCBuildConfiguration;
			buildSettings = {
				ARCHS = "$(ARCHS_STANDARD_INCLUDING_64_BIT)";
				BUNDLE_LOADER = "$(BUILT_PRODUCTS_DIR)/Beak.app/Beak";
				FRAMEWORK_SEARCH_PATHS = (
					"$(SDKROOT)/Developer/Library/Frameworks",
					"$(inherited)",
					"$(DEVELOPER_FRAMEWORKS_DIR)",
				);
				GCC_PRECOMPILE_PREFIX_HEADER = YES;
				GCC_PREFIX_HEADER = "Beak/Beak-Prefix.pch";
				GCC_PREPROCESSOR_DEFINITIONS = (
					"DEBUG=1",
					"$(inherited)",
				);
				INFOPLIST_FILE = "BeakTests/BeakTests-Info.plist";
				PRODUCT_NAME = "$(TARGET_NAME)";
				TEST_HOST = "$(BUNDLE_LOADER)";
				WRAPPER_EXTENSION = xctest;
			};
			name = Debug;
		};
		808604E118CD309F00ABA33B /* Release */ = {
			isa = XCBuildConfiguration;
			buildSettings = {
				ARCHS = "$(ARCHS_STANDARD_INCLUDING_64_BIT)";
				BUNDLE_LOADER = "$(BUILT_PRODUCTS_DIR)/Beak.app/Beak";
				FRAMEWORK_SEARCH_PATHS = (
					"$(SDKROOT)/Developer/Library/Frameworks",
					"$(inherited)",
					"$(DEVELOPER_FRAMEWORKS_DIR)",
				);
				GCC_PRECOMPILE_PREFIX_HEADER = YES;
				GCC_PREFIX_HEADER = "Beak/Beak-Prefix.pch";
				INFOPLIST_FILE = "BeakTests/BeakTests-Info.plist";
				PRODUCT_NAME = "$(TARGET_NAME)";
				TEST_HOST = "$(BUNDLE_LOADER)";
				WRAPPER_EXTENSION = xctest;
			};
			name = Release;
		};
/* End XCBuildConfiguration section */

/* Begin XCConfigurationList section */
		808604A518CD309F00ABA33B /* Build configuration list for PBXProject "Beak" */ = {
			isa = XCConfigurationList;
			buildConfigurations = (
				808604DA18CD309F00ABA33B /* Debug */,
				808604DB18CD309F00ABA33B /* Release */,
			);
			defaultConfigurationIsVisible = 0;
			defaultConfigurationName = Release;
		};
		808604DC18CD309F00ABA33B /* Build configuration list for PBXNativeTarget "Beak" */ = {
			isa = XCConfigurationList;
			buildConfigurations = (
				808604DD18CD309F00ABA33B /* Debug */,
				808604DE18CD309F00ABA33B /* Release */,
			);
			defaultConfigurationIsVisible = 0;
			defaultConfigurationName = Release;
		};
		808604DF18CD309F00ABA33B /* Build configuration list for PBXNativeTarget "BeakTests" */ = {
			isa = XCConfigurationList;
			buildConfigurations = (
				808604E018CD309F00ABA33B /* Debug */,
				808604E118CD309F00ABA33B /* Release */,
			);
			defaultConfigurationIsVisible = 0;
			defaultConfigurationName = Release;
		};
/* End XCConfigurationList section */
	};
	rootObject = 808604A218CD309F00ABA33B /* Project object */;
}
